Microsoft Visual Studio Solution File, Format Version 11.00
# Visual Studio 2008

Project("{5D6A7F3A-4058-AC47-CBB4-6326E2091779}") = "FairPlayGGJ", "Assembly-CSharp.csproj", "{40F58859-91F6-8014-DADF-F6030D34497B}"
EndProject
Global
	GlobalSection(SolutionConfigurationPlatforms) = preSolution
		Debug|Any CPU = Debug|Any CPU
		Release|Any CPU = Release|Any CPU
	EndGlobalSection
	GlobalSection(ProjectConfigurationPlatforms) = postSolution
		{40F58859-91F6-8014-DADF-F6030D34497B}.Debug|Any CPU.ActiveCfg = Debug|Any CPU
		{40F58859-91F6-8014-DADF-F6030D34497B}.Debug|Any CPU.Build.0 = Debug|Any CPU
		{40F58859-91F6-8014-DADF-F6030D34497B}.Release|Any CPU.ActiveCfg = Release|Any CPU
		{40F58859-91F6-8014-DADF-F6030D34497B}.Release|Any CPU.Build.0 = Release|Any CPU
	EndGlobalSection
	GlobalSection(SolutionProperties) = preSolution
		HideSolutionNode = FALSE
	EndGlobalSection
	GlobalSection(MonoDevelopProperties) = preSolution
		StartupItem = Assembly-CSharp.csproj
	EndGlobalSection
EndGlobal
